
Microsoft Visual Studio Solution File, Format Version 12.00
# Visual Studio Version 16
VisualStudioVersion = 16.0.30517.126
MinimumVisualStudioVersion = 10.0.40219.1
Project("{FAE04EC0-301F-11D3-BF4B-00C04F79EFBC}") = "Uppgift2", "Uppgift2\Uppgift2.csproj", "{8AB49461-323E-48F1-81CD-0153C58DE46E}"
EndProject
Global
	GlobalSection(SolutionConfigurationPlatforms) = preSolution
		Debug|Any CPU = Debug|Any CPU
		Release|Any CPU = Release|Any CPU
	EndGlobalSection
	GlobalSection(ProjectConfigurationPlatforms) = postSolution
		{8AB49461-323E-48F1-81CD-0153C58DE46E}.Debug|Any CPU.ActiveCfg = Debug|Any CPU
		{8AB49461-323E-48F1-81CD-0153C58DE46E}.Debug|Any CPU.Build.0 = Debug|Any CPU
		{8AB49461-323E-48F1-81CD-0153C58DE46E}.Release|Any CPU.ActiveCfg = Release|Any CPU
		{8AB49461-323E-48F1-81CD-0153C58DE46E}.Release|Any CPU.Build.0 = Release|Any CPU
	EndGlobalSection
	GlobalSection(SolutionProperties) = preSolution
		HideSolutionNode = FALSE
	EndGlobalSection
	GlobalSection(ExtensibilityGlobals) = postSolution
		SolutionGuid = {980AAD75-232A-4BF5-BE4A-B2E7DFCAFA97}
	EndGlobalSection
EndGlobal
